
Microsoft Visual Studio Solution File, Format Version 12.00
# Visual Studio 2012
Project("{FAE04EC0-301F-11D3-BF4B-00C04F79EFBC}") = "OSS.Data", "OSS.Data\OSS.Data.csproj", "{FFB91F79-A5A0-459C-A07E-7B7CE75FC036}"
EndProject
Project("{FAE04EC0-301F-11D3-BF4B-00C04F79EFBC}") = "OSS.Win", "OSS.Win\OSS.Win.csproj", "{C3309929-CCAA-468A-8888-4C38DFDE3526}"
EndProject
Project("{FAE04EC0-301F-11D3-BF4B-00C04F79EFBC}") = "OSS.Business", "OSS.Business\OSS.Business.csproj", "{D7957636-50E7-4CD4-94CC-B8EB2A5D2CF7}"
EndProject
Global
	GlobalSection(SolutionConfigurationPlatforms) = preSolution
		Debug|Any CPU = Debug|Any CPU
		Release|Any CPU = Release|Any CPU
	EndGlobalSection
	GlobalSection(ProjectConfigurationPlatforms) = postSolution
		{FFB91F79-A5A0-459C-A07E-7B7CE75FC036}.Debug|Any CPU.ActiveCfg = Debug|Any CPU
		{FFB91F79-A5A0-459C-A07E-7B7CE75FC036}.Debug|Any CPU.Build.0 = Debug|Any CPU
		{FFB91F79-A5A0-459C-A07E-7B7CE75FC036}.Release|Any CPU.ActiveCfg = Release|Any CPU
		{FFB91F79-A5A0-459C-A07E-7B7CE75FC036}.Release|Any CPU.Build.0 = Release|Any CPU
		{C3309929-CCAA-468A-8888-4C38DFDE3526}.Debug|Any CPU.ActiveCfg = Debug|Any CPU
		{C3309929-CCAA-468A-8888-4C38DFDE3526}.Debug|Any CPU.Build.0 = Debug|Any CPU
		{C3309929-CCAA-468A-8888-4C38DFDE3526}.Release|Any CPU.ActiveCfg = Release|Any CPU
		{C3309929-CCAA-468A-8888-4C38DFDE3526}.Release|Any CPU.Build.0 = Release|Any CPU
		{D7957636-50E7-4CD4-94CC-B8EB2A5D2CF7}.Debug|Any CPU.ActiveCfg = Debug|Any CPU
		{D7957636-50E7-4CD4-94CC-B8EB2A5D2CF7}.Debug|Any CPU.Build.0 = Debug|Any CPU
		{D7957636-50E7-4CD4-94CC-B8EB2A5D2CF7}.Release|Any CPU.ActiveCfg = Release|Any CPU
		{D7957636-50E7-4CD4-94CC-B8EB2A5D2CF7}.Release|Any CPU.Build.0 = Release|Any CPU
	EndGlobalSection
	GlobalSection(SolutionProperties) = preSolution
		HideSolutionNode = FALSE
	EndGlobalSection
EndGlobal
